
Microsoft Visual Studio Solution File, Format Version 12.00
# Visual Studio Version 16
VisualStudioVersion = 16.0.28417.167
MinimumVisualStudioVersion = 10.0.40219.1
Project("{FAE04EC0-301F-11D3-BF4B-00C04F79EFBC}") = "TextmateExtensionTemplate", "Template\TextmateExtensionTemplate.csproj", "{CB0A70FB-C737-408A-B37C-389AD852D946}"
EndProject
Project("{FAE04EC0-301F-11D3-BF4B-00C04F79EFBC}") = "TemplateVsix", "TextmateVsix\TemplateVsix.csproj", "{3F18D769-8DFB-48F9-AB3F-90CA451CEF16}"
EndProject
Project("{2150E333-8FDC-42A3-9474-1A3956D46DE8}") = "Solution Items", "Solution Items", "{3241FBD9-01CB-4FDE-AB1B-14B03F0BCF4C}"
	ProjectSection(SolutionItems) = preProject
		appveyor.yml = appveyor.yml
		README.md = README.md
	EndProjectSection
EndProject
Global
	GlobalSection(SolutionConfigurationPlatforms) = preSolution
		Debug|Any CPU = Debug|Any CPU
		Release|Any CPU = Release|Any CPU
	EndGlobalSection
	GlobalSection(ProjectConfigurationPlatforms) = postSolution
		{CB0A70FB-C737-408A-B37C-389AD852D946}.Debug|Any CPU.ActiveCfg = Debug|Any CPU
		{CB0A70FB-C737-408A-B37C-389AD852D946}.Debug|Any CPU.Build.0 = Debug|Any CPU
		{CB0A70FB-C737-408A-B37C-389AD852D946}.Release|Any CPU.ActiveCfg = Release|Any CPU
		{CB0A70FB-C737-408A-B37C-389AD852D946}.Release|Any CPU.Build.0 = Release|Any CPU
		{3F18D769-8DFB-48F9-AB3F-90CA451CEF16}.Debug|Any CPU.ActiveCfg = Debug|Any CPU
		{3F18D769-8DFB-48F9-AB3F-90CA451CEF16}.Debug|Any CPU.Build.0 = Debug|Any CPU
		{3F18D769-8DFB-48F9-AB3F-90CA451CEF16}.Release|Any CPU.ActiveCfg = Release|Any CPU
		{3F18D769-8DFB-48F9-AB3F-90CA451CEF16}.Release|Any CPU.Build.0 = Release|Any CPU
	EndGlobalSection
	GlobalSection(SolutionProperties) = preSolution
		HideSolutionNode = FALSE
	EndGlobalSection
	GlobalSection(ExtensibilityGlobals) = postSolution
		SolutionGuid = {EE0E2A67-5304-4E69-973C-22944F14DBCF}
	EndGlobalSection
EndGlobal
